// !$*UTF8*$!
{
	archiveVersion = 1;
	classes = {
	};
	objectVersion = 46;
	objects = {

/* Begin PBXBuildFile section */
		E2D6825D1ABCEFA6004CE5A3 /* main.cpp in Sources */ = {isa = PBXBuildFile; fileRef = E2D6825C1ABCEFA6004CE5A3 /* main.cpp */; };
		E2D682641ABCF05A004CE5A3 /* libopencv_core.3.0.0.dylib in Frameworks */ = {isa = PBXBuildFile; fileRef = E2D682631ABCF05A004CE5A3 /* libopencv_core.3.0.0.dylib */; };
		E2D682661ABCF18C004CE5A3 /* libopencv_highgui.3.0.0.dylib in Frameworks */ = {isa = PBXBuildFile; fileRef = E2D682651ABCF18C004CE5A3 /* libopencv_highgui.3.0.0.dylib */; };
		E2D68D431ABCF2E6004CE5A3 /* libopencv_adas.3.0.0.dylib in Frameworks */ = {isa = PBXBuildFile; fileRef = E2D68CDF1ABCF2E5004CE5A3 /* libopencv_adas.3.0.0.dylib */; };
		E2D68D441ABCF2E6004CE5A3 /* libopencv_adas.3.0.0.dylib in Frameworks */ = {isa = PBXBuildFile; fileRef = E2D68CE01ABCF2E5004CE5A3 /* libopencv_adas.3.0.0.dylib */; };
		E2D68D451ABCF2E6004CE5A3 /* libopencv_adas.3.0.0.dylib in Frameworks */ = {isa = PBXBuildFile; fileRef = E2D68CE11ABCF2E5004CE5A3 /* libopencv_adas.3.0.0.dylib */; };
		E2D68D461ABCF2E6004CE5A3 /* libopencv_bgsegm.3.0.0.dylib in Frameworks */ = {isa = PBXBuildFile; fileRef = E2D68CE21ABCF2E5004CE5A3 /* libopencv_bgsegm.3.0.0.dylib */; };
		E2D68D471ABCF2E6004CE5A3 /* libopencv_bgsegm.3.0.0.dylib in Frameworks */ = {isa = PBXBuildFile; fileRef = E2D68CE31ABCF2E5004CE5A3 /* libopencv_bgsegm.3.0.0.dylib */; };
		E2D68D481ABCF2E6004CE5A3 /* libopencv_bgsegm.3.0.0.dylib in Frameworks */ = {isa = PBXBuildFile; fileRef = E2D68CE41ABCF2E5004CE5A3 /* libopencv_bgsegm.3.0.0.dylib */; };
		E2D68D491ABCF2E6004CE5A3 /* libopencv_bioinspired.3.0.0.dylib in Frameworks */ = {isa = PBXBuildFile; fileRef = E2D68CE51ABCF2E5004CE5A3 /* libopencv_bioinspired.3.0.0.dylib */; };
		E2D68D4A1ABCF2E6004CE5A3 /* libopencv_bioinspired.3.0.0.dylib in Frameworks */ = {isa = PBXBuildFile; fileRef = E2D68CE61ABCF2E5004CE5A3 /* libopencv_bioinspired.3.0.0.dylib */; };
		E2D68D4B1ABCF2E6004CE5A3 /* libopencv_bioinspired.3.0.0.dylib in Frameworks */ = {isa = PBXBuildFile; fileRef = E2D68CE71ABCF2E5004CE5A3 /* libopencv_bioinspired.3.0.0.dylib */; };
		E2D68D4C1ABCF2E6004CE5A3 /* libopencv_calib3d.3.0.0.dylib in Frameworks */ = {isa = PBXBuildFile; fileRef = E2D68CE81ABCF2E5004CE5A3 /* libopencv_calib3d.3.0.0.dylib */; };
		E2D68D4D1ABCF2E6004CE5A3 /* libopencv_calib3d.3.0.0.dylib in Frameworks */ = {isa = PBXBuildFile; fileRef = E2D68CE91ABCF2E5004CE5A3 /* libopencv_calib3d.3.0.0.dylib */; };
		E2D68D4E1ABCF2E6004CE5A3 /* libopencv_calib3d.3.0.0.dylib in Frameworks */ = {isa = PBXBuildFile; fileRef = E2D68CEA1ABCF2E5004CE5A3 /* libopencv_calib3d.3.0.0.dylib */; };
		E2D68D4F1ABCF2E6004CE5A3 /* libopencv_ccalib.3.0.0.dylib in Frameworks */ = {isa = PBXBuildFile; fileRef = E2D68CEB1ABCF2E5004CE5A3 /* libopencv_ccalib.3.0.0.dylib */; };
		E2D68D501ABCF2E6004CE5A3 /* libopencv_ccalib.3.0.0.dylib in Frameworks */ = {isa = PBXBuildFile; fileRef = E2D68CEC1ABCF2E5004CE5A3 /* libopencv_ccalib.3.0.0.dylib */; };
		E2D68D511ABCF2E6004CE5A3 /* libopencv_ccalib.3.0.0.dylib in Frameworks */ = {isa = PBXBuildFile; fileRef = E2D68CED1ABCF2E5004CE5A3 /* libopencv_ccalib.3.0.0.dylib */; };
		E2D68D521ABCF2E6004CE5A3 /* libopencv_datasets.3.0.0.dylib in Frameworks */ = {isa = PBXBuildFile; fileRef = E2D68CEE1ABCF2E5004CE5A3 /* libopencv_datasets.3.0.0.dylib */; };
		E2D68D531ABCF2E6004CE5A3 /* libopencv_datasets.3.0.0.dylib in Frameworks */ = {isa = PBXBuildFile; fileRef = E2D68CEF1ABCF2E5004CE5A3 /* libopencv_datasets.3.0.0.dylib */; };
		E2D68D541ABCF2E6004CE5A3 /* libopencv_datasets.3.0.0.dylib in Frameworks */ = {isa = PBXBuildFile; fileRef = E2D68CF01ABCF2E5004CE5A3 /* libopencv_datasets.3.0.0.dylib */; };
		E2D68D551ABCF2E6004CE5A3 /* libopencv_face.3.0.0.dylib in Frameworks */ = {isa = PBXBuildFile; fileRef = E2D68CF11ABCF2E5004CE5A3 /* libopencv_face.3.0.0.dylib */; };
		E2D68D561ABCF2E6004CE5A3 /* libopencv_face.3.0.0.dylib in Frameworks */ = {isa = PBXBuildFile; fileRef = E2D68CF21ABCF2E5004CE5A3 /* libopencv_face.3.0.0.dylib */; };
		E2D68D571ABCF2E6004CE5A3 /* libopencv_face.3.0.0.dylib in Frameworks */ = {isa = PBXBuildFile; fileRef = E2D68CF31ABCF2E5004CE5A3 /* libopencv_face.3.0.0.dylib */; };
		E2D68D581ABCF2E6004CE5A3 /* libopencv_features2d.3.0.0.dylib in Frameworks */ = {isa = PBXBuildFile; fileRef = E2D68CF41ABCF2E5004CE5A3 /* libopencv_features2d.3.0.0.dylib */; };
		E2D68D591ABCF2E6004CE5A3 /* libopencv_features2d.3.0.0.dylib in Frameworks */ = {isa = PBXBuildFile; fileRef = E2D68CF51ABCF2E5004CE5A3 /* libopencv_features2d.3.0.0.dylib */; };
		E2D68D5A1ABCF2E6004CE5A3 /* libopencv_features2d.3.0.0.dylib in Frameworks */ = {isa = PBXBuildFile; fileRef = E2D68CF61ABCF2E5004CE5A3 /* libopencv_features2d.3.0.0.dylib */; };
		E2D68D5B1ABCF2E6004CE5A3 /* libopencv_flann.3.0.0.dylib in Frameworks */ = {isa = PBXBuildFile; fileRef = E2D68CF71ABCF2E5004CE5A3 /* libopencv_flann.3.0.0.dylib */; };
		E2D68D5C1ABCF2E6004CE5A3 /* libopencv_flann.3.0.0.dylib in Frameworks */ = {isa = PBXBuildFile; fileRef = E2D68CF81ABCF2E5004CE5A3 /* libopencv_flann.3.0.0.dylib */; };
		E2D68D5D1ABCF2E6004CE5A3 /* libopencv_flann.3.0.0.dylib in Frameworks */ = {isa = PBXBuildFile; fileRef = E2D68CF91ABCF2E5004CE5A3 /* libopencv_flann.3.0.0.dylib */; };
		E2D68D5E1ABCF2E6004CE5A3 /* libopencv_imgcodecs.3.0.0.dylib in Frameworks */ = {isa = PBXBuildFile; fileRef = E2D68CFA1ABCF2E5004CE5A3 /* libopencv_imgcodecs.3.0.0.dylib */; };
		E2D68D5F1ABCF2E6004CE5A3 /* libopencv_imgcodecs.3.0.0.dylib in Frameworks */ = {isa = PBXBuildFile; fileRef = E2D68CFB1ABCF2E5004CE5A3 /* libopencv_imgcodecs.3.0.0.dylib */; };
		E2D68D601ABCF2E6004CE5A3 /* libopencv_imgcodecs.3.0.0.dylib in Frameworks */ = {isa = PBXBuildFile; fileRef = E2D68CFC1ABCF2E6004CE5A3 /* libopencv_imgcodecs.3.0.0.dylib */; };
		E2D68D611ABCF2E6004CE5A3 /* libopencv_imgproc.3.0.0.dylib in Frameworks */ = {isa = PBXBuildFile; fileRef = E2D68CFD1ABCF2E6004CE5A3 /* libopencv_imgproc.3.0.0.dylib */; };
		E2D68D621ABCF2E6004CE5A3 /* libopencv_imgproc.3.0.0.dylib in Frameworks */ = {isa = PBXBuildFile; fileRef = E2D68CFE1ABCF2E6004CE5A3 /* libopencv_imgproc.3.0.0.dylib */; };
		E2D68D631ABCF2E6004CE5A3 /* libopencv_imgproc.3.0.0.dylib in Frameworks */ = {isa = PBXBuildFile; fileRef = E2D68CFF1ABCF2E6004CE5A3 /* libopencv_imgproc.3.0.0.dylib */; };
		E2D68D641ABCF2E6004CE5A3 /* libopencv_latentsvm.3.0.0.dylib in Frameworks */ = {isa = PBXBuildFile; fileRef = E2D68D001ABCF2E6004CE5A3 /* libopencv_latentsvm.3.0.0.dylib */; };
		E2D68D651ABCF2E6004CE5A3 /* libopencv_latentsvm.3.0.0.dylib in Frameworks */ = {isa = PBXBuildFile; fileRef = E2D68D011ABCF2E6004CE5A3 /* libopencv_latentsvm.3.0.0.dylib */; };
		E2D68D661ABCF2E6004CE5A3 /* libopencv_latentsvm.3.0.0.dylib in Frameworks */ = {isa = PBXBuildFile; fileRef = E2D68D021ABCF2E6004CE5A3 /* libopencv_latentsvm.3.0.0.dylib */; };
		E2D68D671ABCF2E6004CE5A3 /* libopencv_line_descriptor.3.0.0.dylib in Frameworks */ = {isa = PBXBuildFile; fileRef = E2D68D031ABCF2E6004CE5A3 /* libopencv_line_descriptor.3.0.0.dylib */; };
		E2D68D681ABCF2E6004CE5A3 /* libopencv_line_descriptor.3.0.0.dylib in Frameworks */ = {isa = PBXBuildFile; fileRef = E2D68D041ABCF2E6004CE5A3 /* libopencv_line_descriptor.3.0.0.dylib */; };
		E2D68D691ABCF2E6004CE5A3 /* libopencv_line_descriptor.3.0.0.dylib in Frameworks */ = {isa = PBXBuildFile; fileRef = E2D68D051ABCF2E6004CE5A3 /* libopencv_line_descriptor.3.0.0.dylib */; };
		E2D68D6A1ABCF2E6004CE5A3 /* libopencv_ml.3.0.0.dylib in Frameworks */ = {isa = PBXBuildFile; fileRef = E2D68D061ABCF2E6004CE5A3 /* libopencv_ml.3.0.0.dylib */; };
		E2D68D6B1ABCF2E6004CE5A3 /* libopencv_ml.3.0.0.dylib in Frameworks */ = {isa = PBXBuildFile; fileRef = E2D68D071ABCF2E6004CE5A3 /* libopencv_ml.3.0.0.dylib */; };
		E2D68D6C1ABCF2E6004CE5A3 /* libopencv_ml.3.0.0.dylib in Frameworks */ = {isa = PBXBuildFile; fileRef = E2D68D081ABCF2E6004CE5A3 /* libopencv_ml.3.0.0.dylib */; };
		E2D68D6D1ABCF2E6004CE5A3 /* libopencv_objdetect.3.0.0.dylib in Frameworks */ = {isa = PBXBuildFile; fileRef = E2D68D091ABCF2E6004CE5A3 /* libopencv_objdetect.3.0.0.dylib */; };
		E2D68D6E1ABCF2E6004CE5A3 /* libopencv_objdetect.3.0.0.dylib in Frameworks */ = {isa = PBXBuildFile; fileRef = E2D68D0A1ABCF2E6004CE5A3 /* libopencv_objdetect.3.0.0.dylib */; };
		E2D68D6F1ABCF2E6004CE5A3 /* libopencv_objdetect.3.0.0.dylib in Frameworks */ = {isa = PBXBuildFile; fileRef = E2D68D0B1ABCF2E6004CE5A3 /* libopencv_objdetect.3.0.0.dylib */; };
		E2D68D701ABCF2E6004CE5A3 /* libopencv_optflow.3.0.0.dylib in Frameworks */ = {isa = PBXBuildFile; fileRef = E2D68D0C1ABCF2E6004CE5A3 /* libopencv_optflow.3.0.0.dylib */; };
		E2D68D711ABCF2E6004CE5A3 /* libopencv_optflow.3.0.0.dylib in Frameworks */ = {isa = PBXBuildFile; fileRef = E2D68D0D1ABCF2E6004CE5A3 /* libopencv_optflow.3.0.0.dylib */; };
		E2D68D721ABCF2E6004CE5A3 /* libopencv_optflow.3.0.0.dylib in Frameworks */ = {isa = PBXBuildFile; fileRef = E2D68D0E1ABCF2E6004CE5A3 /* libopencv_optflow.3.0.0.dylib */; };
		E2D68D731ABCF2E6004CE5A3 /* libopencv_photo.3.0.0.dylib in Frameworks */ = {isa = PBXBuildFile; fileRef = E2D68D0F1ABCF2E6004CE5A3 /* libopencv_photo.3.0.0.dylib */; };
		E2D68D741ABCF2E6004CE5A3 /* libopencv_photo.3.0.0.dylib in Frameworks */ = {isa = PBXBuildFile; fileRef = E2D68D101ABCF2E6004CE5A3 /* libopencv_photo.3.0.0.dylib */; };
		E2D68D751ABCF2E6004CE5A3 /* libopencv_photo.3.0.0.dylib in Frameworks */ = {isa = PBXBuildFile; fileRef = E2D68D111ABCF2E6004CE5A3 /* libopencv_photo.3.0.0.dylib */; };
		E2D68D761ABCF2E6004CE5A3 /* libopencv_reg.3.0.0.dylib in Frameworks */ = {isa = PBXBuildFile; fileRef = E2D68D121ABCF2E6004CE5A3 /* libopencv_reg.3.0.0.dylib */; };
		E2D68D771ABCF2E6004CE5A3 /* libopencv_reg.3.0.0.dylib in Frameworks */ = {isa = PBXBuildFile; fileRef = E2D68D131ABCF2E6004CE5A3 /* libopencv_reg.3.0.0.dylib */; };
		E2D68D781ABCF2E6004CE5A3 /* libopencv_reg.3.0.0.dylib in Frameworks */ = {isa = PBXBuildFile; fileRef = E2D68D141ABCF2E6004CE5A3 /* libopencv_reg.3.0.0.dylib */; };
		E2D68D791ABCF2E6004CE5A3 /* libopencv_rgbd.3.0.0.dylib in Frameworks */ = {isa = PBXBuildFile; fileRef = E2D68D151ABCF2E6004CE5A3 /* libopencv_rgbd.3.0.0.dylib */; };
		E2D68D7A1ABCF2E6004CE5A3 /* libopencv_rgbd.3.0.0.dylib in Frameworks */ = {isa = PBXBuildFile; fileRef = E2D68D161ABCF2E6004CE5A3 /* libopencv_rgbd.3.0.0.dylib */; };
		E2D68D7B1ABCF2E6004CE5A3 /* libopencv_rgbd.3.0.0.dylib in Frameworks */ = {isa = PBXBuildFile; fileRef = E2D68D171ABCF2E6004CE5A3 /* libopencv_rgbd.3.0.0.dylib */; };
		E2D68D7C1ABCF2E6004CE5A3 /* libopencv_saliency.3.0.0.dylib in Frameworks */ = {isa = PBXBuildFile; fileRef = E2D68D181ABCF2E6004CE5A3 /* libopencv_saliency.3.0.0.dylib */; };
		E2D68D7D1ABCF2E6004CE5A3 /* libopencv_saliency.3.0.0.dylib in Frameworks */ = {isa = PBXBuildFile; fileRef = E2D68D191ABCF2E6004CE5A3 /* libopencv_saliency.3.0.0.dylib */; };
		E2D68D7E1ABCF2E6004CE5A3 /* libopencv_saliency.3.0.0.dylib in Frameworks */ = {isa = PBXBuildFile; fileRef = E2D68D1A1ABCF2E6004CE5A3 /* libopencv_saliency.3.0.0.dylib */; };
		E2D68D7F1ABCF2E6004CE5A3 /* libopencv_shape.3.0.0.dylib in Frameworks */ = {isa = PBXBuildFile; fileRef = E2D68D1B1ABCF2E6004CE5A3 /* libopencv_shape.3.0.0.dylib */; };
		E2D68D801ABCF2E6004CE5A3 /* libopencv_shape.3.0.0.dylib in Frameworks */ = {isa = PBXBuildFile; fileRef = E2D68D1C1ABCF2E6004CE5A3 /* libopencv_shape.3.0.0.dylib */; };
		E2D68D811ABCF2E6004CE5A3 /* libopencv_shape.3.0.0.dylib in Frameworks */ = {isa = PBXBuildFile; fileRef = E2D68D1D1ABCF2E6004CE5A3 /* libopencv_shape.3.0.0.dylib */; };
		E2D68D821ABCF2E6004CE5A3 /* libopencv_stitching.3.0.0.dylib in Frameworks */ = {isa = PBXBuildFile; fileRef = E2D68D1E1ABCF2E6004CE5A3 /* libopencv_stitching.3.0.0.dylib */; };
		E2D68D831ABCF2E6004CE5A3 /* libopencv_stitching.3.0.0.dylib in Frameworks */ = {isa = PBXBuildFile; fileRef = E2D68D1F1ABCF2E6004CE5A3 /* libopencv_stitching.3.0.0.dylib */; };
		E2D68D841ABCF2E6004CE5A3 /* libopencv_stitching.3.0.0.dylib in Frameworks */ = {isa = PBXBuildFile; fileRef = E2D68D201ABCF2E6004CE5A3 /* libopencv_stitching.3.0.0.dylib */; };
		E2D68D851ABCF2E6004CE5A3 /* libopencv_superres.3.0.0.dylib in Frameworks */ = {isa = PBXBuildFile; fileRef = E2D68D211ABCF2E6004CE5A3 /* libopencv_superres.3.0.0.dylib */; };
		E2D68D861ABCF2E6004CE5A3 /* libopencv_superres.3.0.0.dylib in Frameworks */ = {isa = PBXBuildFile; fileRef = E2D68D221ABCF2E6004CE5A3 /* libopencv_superres.3.0.0.dylib */; };
		E2D68D871ABCF2E6004CE5A3 /* libopencv_superres.3.0.0.dylib in Frameworks */ = {isa = PBXBuildFile; fileRef = E2D68D231ABCF2E6004CE5A3 /* libopencv_superres.3.0.0.dylib */; };
		E2D68D881ABCF2E6004CE5A3 /* libopencv_surface_matching.3.0.0.dylib in Frameworks */ = {isa = PBXBuildFile; fileRef = E2D68D241ABCF2E6004CE5A3 /* libopencv_surface_matching.3.0.0.dylib */; };
		E2D68D891ABCF2E6004CE5A3 /* libopencv_surface_matching.3.0.0.dylib in Frameworks */ = {isa = PBXBuildFile; fileRef = E2D68D251ABCF2E6004CE5A3 /* libopencv_surface_matching.3.0.0.dylib */; };
		E2D68D8A1ABCF2E6004CE5A3 /* libopencv_surface_matching.3.0.0.dylib in Frameworks */ = {isa = PBXBuildFile; fileRef = E2D68D261ABCF2E6004CE5A3 /* libopencv_surface_matching.3.0.0.dylib */; };
		E2D68D8B1ABCF2E6004CE5A3 /* libopencv_text.3.0.0.dylib in Frameworks */ = {isa = PBXBuildFile; fileRef = E2D68D271ABCF2E6004CE5A3 /* libopencv_text.3.0.0.dylib */; };
		E2D68D8C1ABCF2E6004CE5A3 /* libopencv_text.3.0.0.dylib in Frameworks */ = {isa = PBXBuildFile; fileRef = E2D68D281ABCF2E6004CE5A3 /* libopencv_text.3.0.0.dylib */; };
		E2D68D8D1ABCF2E6004CE5A3 /* libopencv_text.3.0.0.dylib in Frameworks */ = {isa = PBXBuildFile; fileRef = E2D68D291ABCF2E6004CE5A3 /* libopencv_text.3.0.0.dylib */; };
		E2D68D8E1ABCF2E6004CE5A3 /* libopencv_tracking.3.0.0.dylib in Frameworks */ = {isa = PBXBuildFile; fileRef = E2D68D2A1ABCF2E6004CE5A3 /* libopencv_tracking.3.0.0.dylib */; };
		E2D68D8F1ABCF2E6004CE5A3 /* libopencv_tracking.3.0.0.dylib in Frameworks */ = {isa = PBXBuildFile; fileRef = E2D68D2B1ABCF2E6004CE5A3 /* libopencv_tracking.3.0.0.dylib */; };
		E2D68D901ABCF2E6004CE5A3 /* libopencv_tracking.3.0.0.dylib in Frameworks */ = {isa = PBXBuildFile; fileRef = E2D68D2C1ABCF2E6004CE5A3 /* libopencv_tracking.3.0.0.dylib */; };
		E2D68D911ABCF2E6004CE5A3 /* libopencv_ts.a in Frameworks */ = {isa = PBXBuildFile; fileRef = E2D68D2D1ABCF2E6004CE5A3 /* libopencv_ts.a */; };
		E2D68D921ABCF2E6004CE5A3 /* libopencv_video.3.0.0.dylib in Frameworks */ = {isa = PBXBuildFile; fileRef = E2D68D2E1ABCF2E6004CE5A3 /* libopencv_video.3.0.0.dylib */; };
		E2D68D931ABCF2E6004CE5A3 /* libopencv_video.3.0.0.dylib in Frameworks */ = {isa = PBXBuildFile; fileRef = E2D68D2F1ABCF2E6004CE5A3 /* libopencv_video.3.0.0.dylib */; };
		E2D68D941ABCF2E6004CE5A3 /* libopencv_video.3.0.0.dylib in Frameworks */ = {isa = PBXBuildFile; fileRef = E2D68D301ABCF2E6004CE5A3 /* libopencv_video.3.0.0.dylib */; };
		E2D68D951ABCF2E6004CE5A3 /* libopencv_videoio.3.0.0.dylib in Frameworks */ = {isa = PBXBuildFile; fileRef = E2D68D311ABCF2E6004CE5A3 /* libopencv_videoio.3.0.0.dylib */; };
		E2D68D961ABCF2E6004CE5A3 /* libopencv_videoio.3.0.0.dylib in Frameworks */ = {isa = PBXBuildFile; fileRef = E2D68D321ABCF2E6004CE5A3 /* libopencv_videoio.3.0.0.dylib */; };
		E2D68D971ABCF2E6004CE5A3 /* libopencv_videoio.3.0.0.dylib in Frameworks */ = {isa = PBXBuildFile; fileRef = E2D68D331ABCF2E6004CE5A3 /* libopencv_videoio.3.0.0.dylib */; };
		E2D68D981ABCF2E6004CE5A3 /* libopencv_videostab.3.0.0.dylib in Frameworks */ = {isa = PBXBuildFile; fileRef = E2D68D341ABCF2E6004CE5A3 /* libopencv_videostab.3.0.0.dylib */; };
		E2D68D991ABCF2E6004CE5A3 /* libopencv_videostab.3.0.0.dylib in Frameworks */ = {isa = PBXBuildFile; fileRef = E2D68D351ABCF2E6004CE5A3 /* libopencv_videostab.3.0.0.dylib */; };
		E2D68D9A1ABCF2E6004CE5A3 /* libopencv_videostab.3.0.0.dylib in Frameworks */ = {isa = PBXBuildFile; fileRef = E2D68D361ABCF2E6004CE5A3 /* libopencv_videostab.3.0.0.dylib */; };
		E2D68D9B1ABCF2E6004CE5A3 /* libopencv_xfeatures2d.3.0.0.dylib in Frameworks */ = {isa = PBXBuildFile; fileRef = E2D68D371ABCF2E6004CE5A3 /* libopencv_xfeatures2d.3.0.0.dylib */; };
		E2D68D9C1ABCF2E6004CE5A3 /* libopencv_xfeatures2d.3.0.0.dylib in Frameworks */ = {isa = PBXBuildFile; fileRef = E2D68D381ABCF2E6004CE5A3 /* libopencv_xfeatures2d.3.0.0.dylib */; };
		E2D68D9D1ABCF2E6004CE5A3 /* libopencv_xfeatures2d.3.0.0.dylib in Frameworks */ = {isa = PBXBuildFile; fileRef = E2D68D391ABCF2E6004CE5A3 /* libopencv_xfeatures2d.3.0.0.dylib */; };
		E2D68D9E1ABCF2E6004CE5A3 /* libopencv_ximgproc.3.0.0.dylib in Frameworks */ = {isa = PBXBuildFile; fileRef = E2D68D3A1ABCF2E6004CE5A3 /* libopencv_ximgproc.3.0.0.dylib */; };
		E2D68D9F1ABCF2E6004CE5A3 /* libopencv_ximgproc.3.0.0.dylib in Frameworks */ = {isa = PBXBuildFile; fileRef = E2D68D3B1ABCF2E6004CE5A3 /* libopencv_ximgproc.3.0.0.dylib */; };
		E2D68DA01ABCF2E6004CE5A3 /* libopencv_ximgproc.3.0.0.dylib in Frameworks */ = {isa = PBXBuildFile; fileRef = E2D68D3C1ABCF2E6004CE5A3 /* libopencv_ximgproc.3.0.0.dylib */; };
		E2D68DA11ABCF2E6004CE5A3 /* libopencv_xobjdetect.3.0.0.dylib in Frameworks */ = {isa = PBXBuildFile; fileRef = E2D68D3D1ABCF2E6004CE5A3 /* libopencv_xobjdetect.3.0.0.dylib */; };
		E2D68DA21ABCF2E6004CE5A3 /* libopencv_xobjdetect.3.0.0.dylib in Frameworks */ = {isa = PBXBuildFile; fileRef = E2D68D3E1ABCF2E6004CE5A3 /* libopencv_xobjdetect.3.0.0.dylib */; };
		E2D68DA31ABCF2E6004CE5A3 /* libopencv_xobjdetect.3.0.0.dylib in Frameworks */ = {isa = PBXBuildFile; fileRef = E2D68D3F1ABCF2E6004CE5A3 /* libopencv_xobjdetect.3.0.0.dylib */; };
		E2D68DA41ABCF2E6004CE5A3 /* libopencv_xphoto.3.0.0.dylib in Frameworks */ = {isa = PBXBuildFile; fileRef = E2D68D401ABCF2E6004CE5A3 /* libopencv_xphoto.3.0.0.dylib */; };
		E2D68DA51ABCF2E6004CE5A3 /* libopencv_xphoto.3.0.0.dylib in Frameworks */ = {isa = PBXBuildFile; fileRef = E2D68D411ABCF2E6004CE5A3 /* libopencv_xphoto.3.0.0.dylib */; };
		E2D68DA61ABCF2E6004CE5A3 /* libopencv_xphoto.3.0.0.dylib in Frameworks */ = {isa = PBXBuildFile; fileRef = E2D68D421ABCF2E6004CE5A3 /* libopencv_xphoto.3.0.0.dylib */; };
/* End PBXBuildFile section */

/* Begin PBXCopyFilesBuildPhase section */
		E2D682571ABCEFA6004CE5A3 /* CopyFiles */ = {
			isa = PBXCopyFilesBuildPhase;
			buildActionMask = 2147483647;
			dstPath = /usr/share/man/man1/;
			dstSubfolderSpec = 0;
			files = (
			);
			runOnlyForDeploymentPostprocessing = 1;
		};
/* End PBXCopyFilesBuildPhase section */

/* Begin PBXFileReference section */
		E2D682591ABCEFA6004CE5A3 /* sfm */ = {isa = PBXFileReference; explicitFileType = "compiled.mach-o.executable"; includeInIndex = 0; path = sfm; sourceTree = BUILT_PRODUCTS_DIR; };
		E2D6825C1ABCEFA6004CE5A3 /* main.cpp */ = {isa = PBXFileReference; lastKnownFileType = sourcecode.cpp.cpp; path = main.cpp; sourceTree = "<group>"; };
		E2D682631ABCF05A004CE5A3 /* libopencv_core.3.0.0.dylib */ = {isa = PBXFileReference; lastKnownFileType = "compiled.mach-o.dylib"; name = libopencv_core.3.0.0.dylib; path = ../../../../../../usr/local/lib/libopencv_core.3.0.0.dylib; sourceTree = "<group>"; };
		E2D682651ABCF18C004CE5A3 /* libopencv_highgui.3.0.0.dylib */ = {isa = PBXFileReference; lastKnownFileType = "compiled.mach-o.dylib"; name = libopencv_highgui.3.0.0.dylib; path = ../../../../../../usr/local/lib/libopencv_highgui.3.0.0.dylib; sourceTree = "<group>"; };
		E2D68CDF1ABCF2E5004CE5A3 /* libopencv_adas.3.0.0.dylib */ = {isa = PBXFileReference; lastKnownFileType = "compiled.mach-o.dylib"; name = libopencv_adas.3.0.0.dylib; path = ../../../../../usr/local/lib/libopencv_adas.3.0.0.dylib; sourceTree = "<group>"; };
		E2D68CE01ABCF2E5004CE5A3 /* libopencv_adas.3.0.0.dylib */ = {isa = PBXFileReference; lastKnownFileType = "compiled.mach-o.dylib"; name = libopencv_adas.3.0.0.dylib; path = ../../../../../usr/local/lib/libopencv_adas.3.0.0.dylib; sourceTree = "<group>"; };
		E2D68CE11ABCF2E5004CE5A3 /* libopencv_adas.3.0.0.dylib */ = {isa = PBXFileReference; lastKnownFileType = "compiled.mach-o.dylib"; name = libopencv_adas.3.0.0.dylib; path = ../../../../../usr/local/lib/libopencv_adas.3.0.0.dylib; sourceTree = "<group>"; };
		E2D68CE21ABCF2E5004CE5A3 /* libopencv_bgsegm.3.0.0.dylib */ = {isa = PBXFileReference; lastKnownFileType = "compiled.mach-o.dylib"; name = libopencv_bgsegm.3.0.0.dylib; path = ../../../../../usr/local/lib/libopencv_bgsegm.3.0.0.dylib; sourceTree = "<group>"; };
		E2D68CE31ABCF2E5004CE5A3 /* libopencv_bgsegm.3.0.0.dylib */ = {isa = PBXFileReference; lastKnownFileType = "compiled.mach-o.dylib"; name = libopencv_bgsegm.3.0.0.dylib; path = ../../../../../usr/local/lib/libopencv_bgsegm.3.0.0.dylib; sourceTree = "<group>"; };
		E2D68CE41ABCF2E5004CE5A3 /* libopencv_bgsegm.3.0.0.dylib */ = {isa = PBXFileReference; lastKnownFileType = "compiled.mach-o.dylib"; name = libopencv_bgsegm.3.0.0.dylib; path = ../../../../../usr/local/lib/libopencv_bgsegm.3.0.0.dylib; sourceTree = "<group>"; };
		E2D68CE51ABCF2E5004CE5A3 /* libopencv_bioinspired.3.0.0.dylib */ = {isa = PBXFileReference; lastKnownFileType = "compiled.mach-o.dylib"; name = libopencv_bioinspired.3.0.0.dylib; path = ../../../../../usr/local/lib/libopencv_bioinspired.3.0.0.dylib; sourceTree = "<group>"; };
		E2D68CE61ABCF2E5004CE5A3 /* libopencv_bioinspired.3.0.0.dylib */ = {isa = PBXFileReference; lastKnownFileType = "compiled.mach-o.dylib"; name = libopencv_bioinspired.3.0.0.dylib; path = ../../../../../usr/local/lib/libopencv_bioinspired.3.0.0.dylib; sourceTree = "<group>"; };
		E2D68CE71ABCF2E5004CE5A3 /* libopencv_bioinspired.3.0.0.dylib */ = {isa = PBXFileReference; lastKnownFileType = "compiled.mach-o.dylib"; name = libopencv_bioinspired.3.0.0.dylib; path = ../../../../../usr/local/lib/libopencv_bioinspired.3.0.0.dylib; sourceTree = "<group>"; };
		E2D68CE81ABCF2E5004CE5A3 /* libopencv_calib3d.3.0.0.dylib */ = {isa = PBXFileReference; lastKnownFileType = "compiled.mach-o.dylib"; name = libopencv_calib3d.3.0.0.dylib; path = ../../../../../usr/local/lib/libopencv_calib3d.3.0.0.dylib; sourceTree = "<group>"; };
		E2D68CE91ABCF2E5004CE5A3 /* libopencv_calib3d.3.0.0.dylib */ = {isa = PBXFileReference; lastKnownFileType = "compiled.mach-o.dylib"; name = libopencv_calib3d.3.0.0.dylib; path = ../../../../../usr/local/lib/libopencv_calib3d.3.0.0.dylib; sourceTree = "<group>"; };
		E2D68CEA1ABCF2E5004CE5A3 /* libopencv_calib3d.3.0.0.dylib */ = {isa = PBXFileReference; lastKnownFileType = "compiled.mach-o.dylib"; name = libopencv_calib3d.3.0.0.dylib; path = ../../../../../usr/local/lib/libopencv_calib3d.3.0.0.dylib; sourceTree = "<group>"; };
		E2D68CEB1ABCF2E5004CE5A3 /* libopencv_ccalib.3.0.0.dylib */ = {isa = PBXFileReference; lastKnownFileType = "compiled.mach-o.dylib"; name = libopencv_ccalib.3.0.0.dylib; path = ../../../../../usr/local/lib/libopencv_ccalib.3.0.0.dylib; sourceTree = "<group>"; };
		E2D68CEC1ABCF2E5004CE5A3 /* libopencv_ccalib.3.0.0.dylib */ = {isa = PBXFileReference; lastKnownFileType = "compiled.mach-o.dylib"; name = libopencv_ccalib.3.0.0.dylib; path = ../../../../../usr/local/lib/libopencv_ccalib.3.0.0.dylib; sourceTree = "<group>"; };
		E2D68CED1ABCF2E5004CE5A3 /* libopencv_ccalib.3.0.0.dylib */ = {isa = PBXFileReference; lastKnownFileType = "compiled.mach-o.dylib"; name = libopencv_ccalib.3.0.0.dylib; path = ../../../../../usr/local/lib/libopencv_ccalib.3.0.0.dylib; sourceTree = "<group>"; };
		E2D68CEE1ABCF2E5004CE5A3 /* libopencv_datasets.3.0.0.dylib */ = {isa = PBXFileReference; lastKnownFileType = "compiled.mach-o.dylib"; name = libopencv_datasets.3.0.0.dylib; path = ../../../../../usr/local/lib/libopencv_datasets.3.0.0.dylib; sourceTree = "<group>"; };
		E2D68CEF1ABCF2E5004CE5A3 /* libopencv_datasets.3.0.0.dylib */ = {isa = PBXFileReference; lastKnownFileType = "compiled.mach-o.dylib"; name = libopencv_datasets.3.0.0.dylib; path = ../../../../../usr/local/lib/libopencv_datasets.3.0.0.dylib; sourceTree = "<group>"; };
		E2D68CF01ABCF2E5004CE5A3 /* libopencv_datasets.3.0.0.dylib */ = {isa = PBXFileReference; lastKnownFileType = "compiled.mach-o.dylib"; name = libopencv_datasets.3.0.0.dylib; path = ../../../../../usr/local/lib/libopencv_datasets.3.0.0.dylib; sourceTree = "<group>"; };
		E2D68CF11ABCF2E5004CE5A3 /* libopencv_face.3.0.0.dylib */ = {isa = PBXFileReference; lastKnownFileType = "compiled.mach-o.dylib"; name = libopencv_face.3.0.0.dylib; path = ../../../../../usr/local/lib/libopencv_face.3.0.0.dylib; sourceTree = "<group>"; };
		E2D68CF21ABCF2E5004CE5A3 /* libopencv_face.3.0.0.dylib */ = {isa = PBXFileReference; lastKnownFileType = "compiled.mach-o.dylib"; name = libopencv_face.3.0.0.dylib; path = ../../../../../usr/local/lib/libopencv_face.3.0.0.dylib; sourceTree = "<group>"; };
		E2D68CF31ABCF2E5004CE5A3 /* libopencv_face.3.0.0.dylib */ = {isa = PBXFileReference; lastKnownFileType = "compiled.mach-o.dylib"; name = libopencv_face.3.0.0.dylib; path = ../../../../../usr/local/lib/libopencv_face.3.0.0.dylib; sourceTree = "<group>"; };
		E2D68CF41ABCF2E5004CE5A3 /* libopencv_features2d.3.0.0.dylib */ = {isa = PBXFileReference; lastKnownFileType = "compiled.mach-o.dylib"; name = libopencv_features2d.3.0.0.dylib; path = ../../../../../usr/local/lib/libopencv_features2d.3.0.0.dylib; sourceTree = "<group>"; };
		E2D68CF51ABCF2E5004CE5A3 /* libopencv_features2d.3.0.0.dylib */ = {isa = PBXFileReference; lastKnownFileType = "compiled.mach-o.dylib"; name = libopencv_features2d.3.0.0.dylib; path = ../../../../../usr/local/lib/libopencv_features2d.3.0.0.dylib; sourceTree = "<group>"; };
		E2D68CF61ABCF2E5004CE5A3 /* libopencv_features2d.3.0.0.dylib */ = {isa = PBXFileReference; lastKnownFileType = "compiled.mach-o.dylib"; name = libopencv_features2d.3.0.0.dylib; path = ../../../../../usr/local/lib/libopencv_features2d.3.0.0.dylib; sourceTree = "<group>"; };
		E2D68CF71ABCF2E5004CE5A3 /* libopencv_flann.3.0.0.dylib */ = {isa = PBXFileReference; lastKnownFileType = "compiled.mach-o.dylib"; name = libopencv_flann.3.0.0.dylib; path = ../../../../../usr/local/lib/libopencv_flann.3.0.0.dylib; sourceTree = "<group>"; };
		E2D68CF81ABCF2E5004CE5A3 /* libopencv_flann.3.0.0.dylib */ = {isa = PBXFileReference; lastKnownFileType = "compiled.mach-o.dylib"; name = libopencv_flann.3.0.0.dylib; path = ../../../../../usr/local/lib/libopencv_flann.3.0.0.dylib; sourceTree = "<group>"; };
		E2D68CF91ABCF2E5004CE5A3 /* libopencv_flann.3.0.0.dylib */ = {isa = PBXFileReference; lastKnownFileType = "compiled.mach-o.dylib"; name = libopencv_flann.3.0.0.dylib; path = ../../../../../usr/local/lib/libopencv_flann.3.0.0.dylib; sourceTree = "<group>"; };
		E2D68CFA1ABCF2E5004CE5A3 /* libopencv_imgcodecs.3.0.0.dylib */ = {isa = PBXFileReference; lastKnownFileType = "compiled.mach-o.dylib"; name = libopencv_imgcodecs.3.0.0.dylib; path = ../../../../../usr/local/lib/libopencv_imgcodecs.3.0.0.dylib; sourceTree = "<group>"; };
		E2D68CFB1ABCF2E5004CE5A3 /* libopencv_imgcodecs.3.0.0.dylib */ = {isa = PBXFileReference; lastKnownFileType = "compiled.mach-o.dylib"; name = libopencv_imgcodecs.3.0.0.dylib; path = ../../../../../usr/local/lib/libopencv_imgcodecs.3.0.0.dylib; sourceTree = "<group>"; };
		E2D68CFC1ABCF2E6004CE5A3 /* libopencv_imgcodecs.3.0.0.dylib */ = {isa = PBXFileReference; lastKnownFileType = "compiled.mach-o.dylib"; name = libopencv_imgcodecs.3.0.0.dylib; path = ../../../../../usr/local/lib/libopencv_imgcodecs.3.0.0.dylib; sourceTree = "<group>"; };
		E2D68CFD1ABCF2E6004CE5A3 /* libopencv_imgproc.3.0.0.dylib */ = {isa = PBXFileReference; lastKnownFileType = "compiled.mach-o.dylib"; name = libopencv_imgproc.3.0.0.dylib; path = ../../../../../usr/local/lib/libopencv_imgproc.3.0.0.dylib; sourceTree = "<group>"; };
		E2D68CFE1ABCF2E6004CE5A3 /* libopencv_imgproc.3.0.0.dylib */ = {isa = PBXFileReference; lastKnownFileType = "compiled.mach-o.dylib"; name = libopencv_imgproc.3.0.0.dylib; path = ../../../../../usr/local/lib/libopencv_imgproc.3.0.0.dylib; sourceTree = "<group>"; };
		E2D68CFF1ABCF2E6004CE5A3 /* libopencv_imgproc.3.0.0.dylib */ = {isa = PBXFileReference; lastKnownFileType = "compiled.mach-o.dylib"; name = libopencv_imgproc.3.0.0.dylib; path = ../../../../../usr/local/lib/libopencv_imgproc.3.0.0.dylib; sourceTree = "<group>"; };
		E2D68D001ABCF2E6004CE5A3 /* libopencv_latentsvm.3.0.0.dylib */ = {isa = PBXFileReference; lastKnownFileType = "compiled.mach-o.dylib"; name = libopencv_latentsvm.3.0.0.dylib; path = ../../../../../usr/local/lib/libopencv_latentsvm.3.0.0.dylib; sourceTree = "<group>"; };
		E2D68D011ABCF2E6004CE5A3 /* libopencv_latentsvm.3.0.0.dylib */ = {isa = PBXFileReference; lastKnownFileType = "compiled.mach-o.dylib"; name = libopencv_latentsvm.3.0.0.dylib; path = ../../../../../usr/local/lib/libopencv_latentsvm.3.0.0.dylib; sourceTree = "<group>"; };
		E2D68D021ABCF2E6004CE5A3 /* libopencv_latentsvm.3.0.0.dylib */ = {isa = PBXFileReference; lastKnownFileType = "compiled.mach-o.dylib"; name = libopencv_latentsvm.3.0.0.dylib; path = ../../../../../usr/local/lib/libopencv_latentsvm.3.0.0.dylib; sourceTree = "<group>"; };
		E2D68D031ABCF2E6004CE5A3 /* libopencv_line_descriptor.3.0.0.dylib */ = {isa = PBXFileReference; lastKnownFileType = "compiled.mach-o.dylib"; name = libopencv_line_descriptor.3.0.0.dylib; path = ../../../../../usr/local/lib/libopencv_line_descriptor.3.0.0.dylib; sourceTree = "<group>"; };
		E2D68D041ABCF2E6004CE5A3 /* libopencv_line_descriptor.3.0.0.dylib */ = {isa = PBXFileReference; lastKnownFileType = "compiled.mach-o.dylib"; name = libopencv_line_descriptor.3.0.0.dylib; path = ../../../../../usr/local/lib/libopencv_line_descriptor.3.0.0.dylib; sourceTree = "<group>"; };
		E2D68D051ABCF2E6004CE5A3 /* libopencv_line_descriptor.3.0.0.dylib */ = {isa = PBXFileReference; lastKnownFileType = "compiled.mach-o.dylib"; name = libopencv_line_descriptor.3.0.0.dylib; path = ../../../../../usr/local/lib/libopencv_line_descriptor.3.0.0.dylib; sourceTree = "<group>"; };
		E2D68D061ABCF2E6004CE5A3 /* libopencv_ml.3.0.0.dylib */ = {isa = PBXFileReference; lastKnownFileType = "compiled.mach-o.dylib"; name = libopencv_ml.3.0.0.dylib; path = ../../../../../usr/local/lib/libopencv_ml.3.0.0.dylib; sourceTree = "<group>"; };
		E2D68D071ABCF2E6004CE5A3 /* libopencv_ml.3.0.0.dylib */ = {isa = PBXFileReference; lastKnownFileType = "compiled.mach-o.dylib"; name = libopencv_ml.3.0.0.dylib; path = ../../../../../usr/local/lib/libopencv_ml.3.0.0.dylib; sourceTree = "<group>"; };
		E2D68D081ABCF2E6004CE5A3 /* libopencv_ml.3.0.0.dylib */ = {isa = PBXFileReference; lastKnownFileType = "compiled.mach-o.dylib"; name = libopencv_ml.3.0.0.dylib; path = ../../../../../usr/local/lib/libopencv_ml.3.0.0.dylib; sourceTree = "<group>"; };
		E2D68D091ABCF2E6004CE5A3 /* libopencv_objdetect.3.0.0.dylib */ = {isa = PBXFileReference; lastKnownFileType = "compiled.mach-o.dylib"; name = libopencv_objdetect.3.0.0.dylib; path = ../../../../../usr/local/lib/libopencv_objdetect.3.0.0.dylib; sourceTree = "<group>"; };
		E2D68D0A1ABCF2E6004CE5A3 /* libopencv_objdetect.3.0.0.dylib */ = {isa = PBXFileReference; lastKnownFileType = "compiled.mach-o.dylib"; name = libopencv_objdetect.3.0.0.dylib; path = ../../../../../usr/local/lib/libopencv_objdetect.3.0.0.dylib; sourceTree = "<group>"; };
		E2D68D0B1ABCF2E6004CE5A3 /* libopencv_objdetect.3.0.0.dylib */ = {isa = PBXFileReference; lastKnownFileType = "compiled.mach-o.dylib"; name = libopencv_objdetect.3.0.0.dylib; path = ../../../../../usr/local/lib/libopencv_objdetect.3.0.0.dylib; sourceTree = "<group>"; };
		E2D68D0C1ABCF2E6004CE5A3 /* libopencv_optflow.3.0.0.dylib */ = {isa = PBXFileReference; lastKnownFileType = "compiled.mach-o.dylib"; name = libopencv_optflow.3.0.0.dylib; path = ../../../../../usr/local/lib/libopencv_optflow.3.0.0.dylib; sourceTree = "<group>"; };
		E2D68D0D1ABCF2E6004CE5A3 /* libopencv_optflow.3.0.0.dylib */ = {isa = PBXFileReference; lastKnownFileType = "compiled.mach-o.dylib"; name = libopencv_optflow.3.0.0.dylib; path = ../../../../../usr/local/lib/libopencv_optflow.3.0.0.dylib; sourceTree = "<group>"; };
		E2D68D0E1ABCF2E6004CE5A3 /* libopencv_optflow.3.0.0.dylib */ = {isa = PBXFileReference; lastKnownFileType = "compiled.mach-o.dylib"; name = libopencv_optflow.3.0.0.dylib; path = ../../../../../usr/local/lib/libopencv_optflow.3.0.0.dylib; sourceTree = "<group>"; };
		E2D68D0F1ABCF2E6004CE5A3 /* libopencv_photo.3.0.0.dylib */ = {isa = PBXFileReference; lastKnownFileType = "compiled.mach-o.dylib"; name = libopencv_photo.3.0.0.dylib; path = ../../../../../usr/local/lib/libopencv_photo.3.0.0.dylib; sourceTree = "<group>"; };
		E2D68D101ABCF2E6004CE5A3 /* libopencv_photo.3.0.0.dylib */ = {isa = PBXFileReference; lastKnownFileType = "compiled.mach-o.dylib"; name = libopencv_photo.3.0.0.dylib; path = ../../../../../usr/local/lib/libopencv_photo.3.0.0.dylib; sourceTree = "<group>"; };
		E2D68D111ABCF2E6004CE5A3 /* libopencv_photo.3.0.0.dylib */ = {isa = PBXFileReference; lastKnownFileType = "compiled.mach-o.dylib"; name = libopencv_photo.3.0.0.dylib; path = ../../../../../usr/local/lib/libopencv_photo.3.0.0.dylib; sourceTree = "<group>"; };
		E2D68D121ABCF2E6004CE5A3 /* libopencv_reg.3.0.0.dylib */ = {isa = PBXFileReference; lastKnownFileType = "compiled.mach-o.dylib"; name = libopencv_reg.3.0.0.dylib; path = ../../../../../usr/local/lib/libopencv_reg.3.0.0.dylib; sourceTree = "<group>"; };
		E2D68D131ABCF2E6004CE5A3 /* libopencv_reg.3.0.0.dylib */ = {isa = PBXFileReference; lastKnownFileType = "compiled.mach-o.dylib"; name = libopencv_reg.3.0.0.dylib; path = ../../../../../usr/local/lib/libopencv_reg.3.0.0.dylib; sourceTree = "<group>"; };
		E2D68D141ABCF2E6004CE5A3 /* libopencv_reg.3.0.0.dylib */ = {isa = PBXFileReference; lastKnownFileType = "compiled.mach-o.dylib"; name = libopencv_reg.3.0.0.dylib; path = ../../../../../usr/local/lib/libopencv_reg.3.0.0.dylib; sourceTree = "<group>"; };
		E2D68D151ABCF2E6004CE5A3 /* libopencv_rgbd.3.0.0.dylib */ = {isa = PBXFileReference; lastKnownFileType = "compiled.mach-o.dylib"; name = libopencv_rgbd.3.0.0.dylib; path = ../../../../../usr/local/lib/libopencv_rgbd.3.0.0.dylib; sourceTree = "<group>"; };
		E2D68D161ABCF2E6004CE5A3 /* libopencv_rgbd.3.0.0.dylib */ = {isa = PBXFileReference; lastKnownFileType = "compiled.mach-o.dylib"; name = libopencv_rgbd.3.0.0.dylib; path = ../../../../../usr/local/lib/libopencv_rgbd.3.0.0.dylib; sourceTree = "<group>"; };
		E2D68D171ABCF2E6004CE5A3 /* libopencv_rgbd.3.0.0.dylib */ = {isa = PBXFileReference; lastKnownFileType = "compiled.mach-o.dylib"; name = libopencv_rgbd.3.0.0.dylib; path = ../../../../../usr/local/lib/libopencv_rgbd.3.0.0.dylib; sourceTree = "<group>"; };
		E2D68D181ABCF2E6004CE5A3 /* libopencv_saliency.3.0.0.dylib */ = {isa = PBXFileReference; lastKnownFileType = "compiled.mach-o.dylib"; name = libopencv_saliency.3.0.0.dylib; path = ../../../../../usr/local/lib/libopencv_saliency.3.0.0.dylib; sourceTree = "<group>"; };
		E2D68D191ABCF2E6004CE5A3 /* libopencv_saliency.3.0.0.dylib */ = {isa = PBXFileReference; lastKnownFileType = "compiled.mach-o.dylib"; name = libopencv_saliency.3.0.0.dylib; path = ../../../../../usr/local/lib/libopencv_saliency.3.0.0.dylib; sourceTree = "<group>"; };
		E2D68D1A1ABCF2E6004CE5A3 /* libopencv_saliency.3.0.0.dylib */ = {isa = PBXFileReference; lastKnownFileType = "compiled.mach-o.dylib"; name = libopencv_saliency.3.0.0.dylib; path = ../../../../../usr/local/lib/libopencv_saliency.3.0.0.dylib; sourceTree = "<group>"; };
		E2D68D1B1ABCF2E6004CE5A3 /* libopencv_shape.3.0.0.dylib */ = {isa = PBXFileReference; lastKnownFileType = "compiled.mach-o.dylib"; name = libopencv_shape.3.0.0.dylib; path = ../../../../../usr/local/lib/libopencv_shape.3.0.0.dylib; sourceTree = "<group>"; };
		E2D68D1C1ABCF2E6004CE5A3 /* libopencv_shape.3.0.0.dylib */ = {isa = PBXFileReference; lastKnownFileType = "compiled.mach-o.dylib"; name = libopencv_shape.3.0.0.dylib; path = ../../../../../usr/local/lib/libopencv_shape.3.0.0.dylib; sourceTree = "<group>"; };
		E2D68D1D1ABCF2E6004CE5A3 /* libopencv_shape.3.0.0.dylib */ = {isa = PBXFileReference; lastKnownFileType = "compiled.mach-o.dylib"; name = libopencv_shape.3.0.0.dylib; path = ../../../../../usr/local/lib/libopencv_shape.3.0.0.dylib; sourceTree = "<group>"; };
		E2D68D1E1ABCF2E6004CE5A3 /* libopencv_stitching.3.0.0.dylib */ = {isa = PBXFileReference; lastKnownFileType = "compiled.mach-o.dylib"; name = libopencv_stitching.3.0.0.dylib; path = ../../../../../usr/local/lib/libopencv_stitching.3.0.0.dylib; sourceTree = "<group>"; };
		E2D68D1F1ABCF2E6004CE5A3 /* libopencv_stitching.3.0.0.dylib */ = {isa = PBXFileReference; lastKnownFileType = "compiled.mach-o.dylib"; name = libopencv_stitching.3.0.0.dylib; path = ../../../../../usr/local/lib/libopencv_stitching.3.0.0.dylib; sourceTree = "<group>"; };
		E2D68D201ABCF2E6004CE5A3 /* libopencv_stitching.3.0.0.dylib */ = {isa = PBXFileReference; lastKnownFileType = "compiled.mach-o.dylib"; name = libopencv_stitching.3.0.0.dylib; path = ../../../../../usr/local/lib/libopencv_stitching.3.0.0.dylib; sourceTree = "<group>"; };
		E2D68D211ABCF2E6004CE5A3 /* libopencv_superres.3.0.0.dylib */ = {isa = PBXFileReference; lastKnownFileType = "compiled.mach-o.dylib"; name = libopencv_superres.3.0.0.dylib; path = ../../../../../usr/local/lib/libopencv_superres.3.0.0.dylib; sourceTree = "<group>"; };
		E2D68D221ABCF2E6004CE5A3 /* libopencv_superres.3.0.0.dylib */ = {isa = PBXFileReference; lastKnownFileType = "compiled.mach-o.dylib"; name = libopencv_superres.3.0.0.dylib; path = ../../../../../usr/local/lib/libopencv_superres.3.0.0.dylib; sourceTree = "<group>"; };
		E2D68D231ABCF2E6004CE5A3 /* libopencv_superres.3.0.0.dylib */ = {isa = PBXFileReference; lastKnownFileType = "compiled.mach-o.dylib"; name = libopencv_superres.3.0.0.dylib; path = ../../../../../usr/local/lib/libopencv_superres.3.0.0.dylib; sourceTree = "<group>"; };
		E2D68D241ABCF2E6004CE5A3 /* libopencv_surface_matching.3.0.0.dylib */ = {isa = PBXFileReference; lastKnownFileType = "compiled.mach-o.dylib"; name = libopencv_surface_matching.3.0.0.dylib; path = ../../../../../usr/local/lib/libopencv_surface_matching.3.0.0.dylib; sourceTree = "<group>"; };
		E2D68D251ABCF2E6004CE5A3 /* libopencv_surface_matching.3.0.0.dylib */ = {isa = PBXFileReference; lastKnownFileType = "compiled.mach-o.dylib"; name = libopencv_surface_matching.3.0.0.dylib; path = ../../../../../usr/local/lib/libopencv_surface_matching.3.0.0.dylib; sourceTree = "<group>"; };
		E2D68D261ABCF2E6004CE5A3 /* libopencv_surface_matching.3.0.0.dylib */ = {isa = PBXFileReference; lastKnownFileType = "compiled.mach-o.dylib"; name = libopencv_surface_matching.3.0.0.dylib; path = ../../../../../usr/local/lib/libopencv_surface_matching.3.0.0.dylib; sourceTree = "<group>"; };
		E2D68D271ABCF2E6004CE5A3 /* libopencv_text.3.0.0.dylib */ = {isa = PBXFileReference; lastKnownFileType = "compiled.mach-o.dylib"; name = libopencv_text.3.0.0.dylib; path = ../../../../../usr/local/lib/libopencv_text.3.0.0.dylib; sourceTree = "<group>"; };
		E2D68D281ABCF2E6004CE5A3 /* libopencv_text.3.0.0.dylib */ = {isa = PBXFileReference; lastKnownFileType = "compiled.mach-o.dylib"; name = libopencv_text.3.0.0.dylib; path = ../../../../../usr/local/lib/libopencv_text.3.0.0.dylib; sourceTree = "<group>"; };
		E2D68D291ABCF2E6004CE5A3 /* libopencv_text.3.0.0.dylib */ = {isa = PBXFileReference; lastKnownFileType = "compiled.mach-o.dylib"; name = libopencv_text.3.0.0.dylib; path = ../../../../../usr/local/lib/libopencv_text.3.0.0.dylib; sourceTree = "<group>"; };
		E2D68D2A1ABCF2E6004CE5A3 /* libopencv_tracking.3.0.0.dylib */ = {isa = PBXFileReference; lastKnownFileType = "compiled.mach-o.dylib"; name = libopencv_tracking.3.0.0.dylib; path = ../../../../../usr/local/lib/libopencv_tracking.3.0.0.dylib; sourceTree = "<group>"; };
		E2D68D2B1ABCF2E6004CE5A3 /* libopencv_tracking.3.0.0.dylib */ = {isa = PBXFileReference; lastKnownFileType = "compiled.mach-o.dylib"; name = libopencv_tracking.3.0.0.dylib; path = ../../../../../usr/local/lib/libopencv_tracking.3.0.0.dylib; sourceTree = "<group>"; };
		E2D68D2C1ABCF2E6004CE5A3 /* libopencv_tracking.3.0.0.dylib */ = {isa = PBXFileReference; lastKnownFileType = "compiled.mach-o.dylib"; name = libopencv_tracking.3.0.0.dylib; path = ../../../../../usr/local/lib/libopencv_tracking.3.0.0.dylib; sourceTree = "<group>"; };
		E2D68D2D1ABCF2E6004CE5A3 /* libopencv_ts.a */ = {isa = PBXFileReference; lastKnownFileType = archive.ar; name = libopencv_ts.a; path = ../../../../../usr/local/lib/libopencv_ts.a; sourceTree = "<group>"; };
		E2D68D2E1ABCF2E6004CE5A3 /* libopencv_video.3.0.0.dylib */ = {isa = PBXFileReference; lastKnownFileType = "compiled.mach-o.dylib"; name = libopencv_video.3.0.0.dylib; path = ../../../../../usr/local/lib/libopencv_video.3.0.0.dylib; sourceTree = "<group>"; };
		E2D68D2F1ABCF2E6004CE5A3 /* libopencv_video.3.0.0.dylib */ = {isa = PBXFileReference; lastKnownFileType = "compiled.mach-o.dylib"; name = libopencv_video.3.0.0.dylib; path = ../../../../../usr/local/lib/libopencv_video.3.0.0.dylib; sourceTree = "<group>"; };
		E2D68D301ABCF2E6004CE5A3 /* libopencv_video.3.0.0.dylib */ = {isa = PBXFileReference; lastKnownFileType = "compiled.mach-o.dylib"; name = libopencv_video.3.0.0.dylib; path = ../../../../../usr/local/lib/libopencv_video.3.0.0.dylib; sourceTree = "<group>"; };
		E2D68D311ABCF2E6004CE5A3 /* libopencv_videoio.3.0.0.dylib */ = {isa = PBXFileReference; lastKnownFileType = "compiled.mach-o.dylib"; name = libopencv_videoio.3.0.0.dylib; path = ../../../../../usr/local/lib/libopencv_videoio.3.0.0.dylib; sourceTree = "<group>"; };
		E2D68D321ABCF2E6004CE5A3 /* libopencv_videoio.3.0.0.dylib */ = {isa = PBXFileReference; lastKnownFileType = "compiled.mach-o.dylib"; name = libopencv_videoio.3.0.0.dylib; path = ../../../../../usr/local/lib/libopencv_videoio.3.0.0.dylib; sourceTree = "<group>"; };
		E2D68D331ABCF2E6004CE5A3 /* libopencv_videoio.3.0.0.dylib */ = {isa = PBXFileReference; lastKnownFileType = "compiled.mach-o.dylib"; name = libopencv_videoio.3.0.0.dylib; path = ../../../../../usr/local/lib/libopencv_videoio.3.0.0.dylib; sourceTree = "<group>"; };
		E2D68D341ABCF2E6004CE5A3 /* libopencv_videostab.3.0.0.dylib */ = {isa = PBXFileReference; lastKnownFileType = "compiled.mach-o.dylib"; name = libopencv_videostab.3.0.0.dylib; path = ../../../../../usr/local/lib/libopencv_videostab.3.0.0.dylib; sourceTree = "<group>"; };
		E2D68D351ABCF2E6004CE5A3 /* libopencv_videostab.3.0.0.dylib */ = {isa = PBXFileReference; lastKnownFileType = "compiled.mach-o.dylib"; name = libopencv_videostab.3.0.0.dylib; path = ../../../../../usr/local/lib/libopencv_videostab.3.0.0.dylib; sourceTree = "<group>"; };
		E2D68D361ABCF2E6004CE5A3 /* libopencv_videostab.3.0.0.dylib */ = {isa = PBXFileReference; lastKnownFileType = "compiled.mach-o.dylib"; name = libopencv_videostab.3.0.0.dylib; path = ../../../../../usr/local/lib/libopencv_videostab.3.0.0.dylib; sourceTree = "<group>"; };
		E2D68D371ABCF2E6004CE5A3 /* libopencv_xfeatures2d.3.0.0.dylib */ = {isa = PBXFileReference; lastKnownFileType = "compiled.mach-o.dylib"; name = libopencv_xfeatures2d.3.0.0.dylib; path = ../../../../../usr/local/lib/libopencv_xfeatures2d.3.0.0.dylib; sourceTree = "<group>"; };
		E2D68D381ABCF2E6004CE5A3 /* libopencv_xfeatures2d.3.0.0.dylib */ = {isa = PBXFileReference; lastKnownFileType = "compiled.mach-o.dylib"; name = libopencv_xfeatures2d.3.0.0.dylib; path = ../../../../../usr/local/lib/libopencv_xfeatures2d.3.0.0.dylib; sourceTree = "<group>"; };
		E2D68D391ABCF2E6004CE5A3 /* libopencv_xfeatures2d.3.0.0.dylib */ = {isa = PBXFileReference; lastKnownFileType = "compiled.mach-o.dylib"; name = libopencv_xfeatures2d.3.0.0.dylib; path = ../../../../../usr/local/lib/libopencv_xfeatures2d.3.0.0.dylib; sourceTree = "<group>"; };
		E2D68D3A1ABCF2E6004CE5A3 /* libopencv_ximgproc.3.0.0.dylib */ = {isa = PBXFileReference; lastKnownFileType = "compiled.mach-o.dylib"; name = libopencv_ximgproc.3.0.0.dylib; path = ../../../../../usr/local/lib/libopencv_ximgproc.3.0.0.dylib; sourceTree = "<group>"; };
		E2D68D3B1ABCF2E6004CE5A3 /* libopencv_ximgproc.3.0.0.dylib */ = {isa = PBXFileReference; lastKnownFileType = "compiled.mach-o.dylib"; name = libopencv_ximgproc.3.0.0.dylib; path = ../../../../../usr/local/lib/libopencv_ximgproc.3.0.0.dylib; sourceTree = "<group>"; };
		E2D68D3C1ABCF2E6004CE5A3 /* libopencv_ximgproc.3.0.0.dylib */ = {isa = PBXFileReference; lastKnownFileType = "compiled.mach-o.dylib"; name = libopencv_ximgproc.3.0.0.dylib; path = ../../../../../usr/local/lib/libopencv_ximgproc.3.0.0.dylib; sourceTree = "<group>"; };
		E2D68D3D1ABCF2E6004CE5A3 /* libopencv_xobjdetect.3.0.0.dylib */ = {isa = PBXFileReference; lastKnownFileType = "compiled.mach-o.dylib"; name = libopencv_xobjdetect.3.0.0.dylib; path = ../../../../../usr/local/lib/libopencv_xobjdetect.3.0.0.dylib; sourceTree = "<group>"; };
		E2D68D3E1ABCF2E6004CE5A3 /* libopencv_xobjdetect.3.0.0.dylib */ = {isa = PBXFileReference; lastKnownFileType = "compiled.mach-o.dylib"; name = libopencv_xobjdetect.3.0.0.dylib; path = ../../../../../usr/local/lib/libopencv_xobjdetect.3.0.0.dylib; sourceTree = "<group>"; };
		E2D68D3F1ABCF2E6004CE5A3 /* libopencv_xobjdetect.3.0.0.dylib */ = {isa = PBXFileReference; lastKnownFileType = "compiled.mach-o.dylib"; name = libopencv_xobjdetect.3.0.0.dylib; path = ../../../../../usr/local/lib/libopencv_xobjdetect.3.0.0.dylib; sourceTree = "<group>"; };
		E2D68D401ABCF2E6004CE5A3 /* libopencv_xphoto.3.0.0.dylib */ = {isa = PBXFileReference; lastKnownFileType = "compiled.mach-o.dylib"; name = libopencv_xphoto.3.0.0.dylib; path = ../../../../../usr/local/lib/libopencv_xphoto.3.0.0.dylib; sourceTree = "<group>"; };
		E2D68D411ABCF2E6004CE5A3 /* libopencv_xphoto.3.0.0.dylib */ = {isa = PBXFileReference; lastKnownFileType = "compiled.mach-o.dylib"; name = libopencv_xphoto.3.0.0.dylib; path = ../../../../../usr/local/lib/libopencv_xphoto.3.0.0.dylib; sourceTree = "<group>"; };
		E2D68D421ABCF2E6004CE5A3 /* libopencv_xphoto.3.0.0.dylib */ = {isa = PBXFileReference; lastKnownFileType = "compiled.mach-o.dylib"; name = libopencv_xphoto.3.0.0.dylib; path = ../../../../../usr/local/lib/libopencv_xphoto.3.0.0.dylib; sourceTree = "<group>"; };
		E2D68DA81ABD0AB9004CE5A3 /* ceres_optimization.h */ = {isa = PBXFileReference; fileEncoding = 4; lastKnownFileType = sourcecode.c.h; path = ceres_optimization.h; sourceTree = "<group>"; };
/* End PBXFileReference section */

/* Begin PBXFrameworksBuildPhase section */
		E2D682561ABCEFA6004CE5A3 /* Frameworks */ = {
			isa = PBXFrameworksBuildPhase;
			buildActionMask = 2147483647;
			files = (
				E2D68D5B1ABCF2E6004CE5A3 /* libopencv_flann.3.0.0.dylib in Frameworks */,
				E2D68D881ABCF2E6004CE5A3 /* libopencv_surface_matching.3.0.0.dylib in Frameworks */,
				E2D68D6F1ABCF2E6004CE5A3 /* libopencv_objdetect.3.0.0.dylib in Frameworks */,
				E2D68D8C1ABCF2E6004CE5A3 /* libopencv_text.3.0.0.dylib in Frameworks */,
				E2D68D431ABCF2E6004CE5A3 /* libopencv_adas.3.0.0.dylib in Frameworks */,
				E2D68D481ABCF2E6004CE5A3 /* libopencv_bgsegm.3.0.0.dylib in Frameworks */,
				E2D68D7B1ABCF2E6004CE5A3 /* libopencv_rgbd.3.0.0.dylib in Frameworks */,
				E2D68D711ABCF2E6004CE5A3 /* libopencv_optflow.3.0.0.dylib in Frameworks */,
				E2D68DA21ABCF2E6004CE5A3 /* libopencv_xobjdetect.3.0.0.dylib in Frameworks */,
				E2D68D851ABCF2E6004CE5A3 /* libopencv_superres.3.0.0.dylib in Frameworks */,
				E2D68D871ABCF2E6004CE5A3 /* libopencv_superres.3.0.0.dylib in Frameworks */,
				E2D68D6A1ABCF2E6004CE5A3 /* libopencv_ml.3.0.0.dylib in Frameworks */,
				E2D68D681ABCF2E6004CE5A3 /* libopencv_line_descriptor.3.0.0.dylib in Frameworks */,
				E2D68D8F1ABCF2E6004CE5A3 /* libopencv_tracking.3.0.0.dylib in Frameworks */,
				E2D68D971ABCF2E6004CE5A3 /* libopencv_videoio.3.0.0.dylib in Frameworks */,
				E2D68D571ABCF2E6004CE5A3 /* libopencv_face.3.0.0.dylib in Frameworks */,
				E2D68D4D1ABCF2E6004CE5A3 /* libopencv_calib3d.3.0.0.dylib in Frameworks */,
				E2D68D981ABCF2E6004CE5A3 /* libopencv_videostab.3.0.0.dylib in Frameworks */,
				E2D68D701ABCF2E6004CE5A3 /* libopencv_optflow.3.0.0.dylib in Frameworks */,
				E2D68D961ABCF2E6004CE5A3 /* libopencv_videoio.3.0.0.dylib in Frameworks */,
				E2D68D5F1ABCF2E6004CE5A3 /* libopencv_imgcodecs.3.0.0.dylib in Frameworks */,
				E2D682661ABCF18C004CE5A3 /* libopencv_highgui.3.0.0.dylib in Frameworks */,
				E2D68D6C1ABCF2E6004CE5A3 /* libopencv_ml.3.0.0.dylib in Frameworks */,
				E2D68D741ABCF2E6004CE5A3 /* libopencv_photo.3.0.0.dylib in Frameworks */,
				E2D68D9E1ABCF2E6004CE5A3 /* libopencv_ximgproc.3.0.0.dylib in Frameworks */,
				E2D68D5C1ABCF2E6004CE5A3 /* libopencv_flann.3.0.0.dylib in Frameworks */,
				E2D68D731ABCF2E6004CE5A3 /* libopencv_photo.3.0.0.dylib in Frameworks */,
				E2D68D4C1ABCF2E6004CE5A3 /* libopencv_calib3d.3.0.0.dylib in Frameworks */,
				E2D68D641ABCF2E6004CE5A3 /* libopencv_latentsvm.3.0.0.dylib in Frameworks */,
				E2D68D931ABCF2E6004CE5A3 /* libopencv_video.3.0.0.dylib in Frameworks */,
				E2D68D721ABCF2E6004CE5A3 /* libopencv_optflow.3.0.0.dylib in Frameworks */,
				E2D682641ABCF05A004CE5A3 /* libopencv_core.3.0.0.dylib in Frameworks */,
				E2D68D7D1ABCF2E6004CE5A3 /* libopencv_saliency.3.0.0.dylib in Frameworks */,
				E2D68D8A1ABCF2E6004CE5A3 /* libopencv_surface_matching.3.0.0.dylib in Frameworks */,
				E2D68D921ABCF2E6004CE5A3 /* libopencv_video.3.0.0.dylib in Frameworks */,
				E2D68D491ABCF2E6004CE5A3 /* libopencv_bioinspired.3.0.0.dylib in Frameworks */,
				E2D68D891ABCF2E6004CE5A3 /* libopencv_surface_matching.3.0.0.dylib in Frameworks */,
				E2D68D5A1ABCF2E6004CE5A3 /* libopencv_features2d.3.0.0.dylib in Frameworks */,
				E2D68D8D1ABCF2E6004CE5A3 /* libopencv_text.3.0.0.dylib in Frameworks */,
				E2D68D831ABCF2E6004CE5A3 /* libopencv_stitching.3.0.0.dylib in Frameworks */,
				E2D68D4E1ABCF2E6004CE5A3 /* libopencv_calib3d.3.0.0.dylib in Frameworks */,
				E2D68D781ABCF2E6004CE5A3 /* libopencv_reg.3.0.0.dylib in Frameworks */,
				E2D68D601ABCF2E6004CE5A3 /* libopencv_imgcodecs.3.0.0.dylib in Frameworks */,
				E2D68D611ABCF2E6004CE5A3 /* libopencv_imgproc.3.0.0.dylib in Frameworks */,
				E2D68D631ABCF2E6004CE5A3 /* libopencv_imgproc.3.0.0.dylib in Frameworks */,
				E2D68D461ABCF2E6004CE5A3 /* libopencv_bgsegm.3.0.0.dylib in Frameworks */,
				E2D68D6E1ABCF2E6004CE5A3 /* libopencv_objdetect.3.0.0.dylib in Frameworks */,
				E2D68D941ABCF2E6004CE5A3 /* libopencv_video.3.0.0.dylib in Frameworks */,
				E2D68D9C1ABCF2E6004CE5A3 /* libopencv_xfeatures2d.3.0.0.dylib in Frameworks */,
				E2D68DA11ABCF2E6004CE5A3 /* libopencv_xobjdetect.3.0.0.dylib in Frameworks */,
				E2D68D621ABCF2E6004CE5A3 /* libopencv_imgproc.3.0.0.dylib in Frameworks */,
				E2D68D811ABCF2E6004CE5A3 /* libopencv_shape.3.0.0.dylib in Frameworks */,
				E2D68D8E1ABCF2E6004CE5A3 /* libopencv_tracking.3.0.0.dylib in Frameworks */,
				E2D68D9B1ABCF2E6004CE5A3 /* libopencv_xfeatures2d.3.0.0.dylib in Frameworks */,
				E2D68D691ABCF2E6004CE5A3 /* libopencv_line_descriptor.3.0.0.dylib in Frameworks */,
				E2D68D661ABCF2E6004CE5A3 /* libopencv_latentsvm.3.0.0.dylib in Frameworks */,
				E2D68DA51ABCF2E6004CE5A3 /* libopencv_xphoto.3.0.0.dylib in Frameworks */,
				E2D68D521ABCF2E6004CE5A3 /* libopencv_datasets.3.0.0.dylib in Frameworks */,
				E2D68D531ABCF2E6004CE5A3 /* libopencv_datasets.3.0.0.dylib in Frameworks */,
				E2D68D541ABCF2E6004CE5A3 /* libopencv_datasets.3.0.0.dylib in Frameworks */,
				E2D68D9A1ABCF2E6004CE5A3 /* libopencv_videostab.3.0.0.dylib in Frameworks */,
				E2D68D7F1ABCF2E6004CE5A3 /* libopencv_shape.3.0.0.dylib in Frameworks */,
				E2D68D6B1ABCF2E6004CE5A3 /* libopencv_ml.3.0.0.dylib in Frameworks */,
				E2D68DA41ABCF2E6004CE5A3 /* libopencv_xphoto.3.0.0.dylib in Frameworks */,
				E2D68D4F1ABCF2E6004CE5A3 /* libopencv_ccalib.3.0.0.dylib in Frameworks */,
				E2D68D991ABCF2E6004CE5A3 /* libopencv_videostab.3.0.0.dylib in Frameworks */,
				E2D68D861ABCF2E6004CE5A3 /* libopencv_superres.3.0.0.dylib in Frameworks */,
				E2D68D5E1ABCF2E6004CE5A3 /* libopencv_imgcodecs.3.0.0.dylib in Frameworks */,
				E2D68D561ABCF2E6004CE5A3 /* libopencv_face.3.0.0.dylib in Frameworks */,
				E2D68D841ABCF2E6004CE5A3 /* libopencv_stitching.3.0.0.dylib in Frameworks */,
				E2D68D6D1ABCF2E6004CE5A3 /* libopencv_objdetect.3.0.0.dylib in Frameworks */,
				E2D68D7E1ABCF2E6004CE5A3 /* libopencv_saliency.3.0.0.dylib in Frameworks */,
				E2D68D801ABCF2E6004CE5A3 /* libopencv_shape.3.0.0.dylib in Frameworks */,
				E2D68D551ABCF2E6004CE5A3 /* libopencv_face.3.0.0.dylib in Frameworks */,
				E2D68D7C1ABCF2E6004CE5A3 /* libopencv_saliency.3.0.0.dylib in Frameworks */,
				E2D68DA01ABCF2E6004CE5A3 /* libopencv_ximgproc.3.0.0.dylib in Frameworks */,
				E2D68D9D1ABCF2E6004CE5A3 /* libopencv_xfeatures2d.3.0.0.dylib in Frameworks */,
				E2D68D8B1ABCF2E6004CE5A3 /* libopencv_text.3.0.0.dylib in Frameworks */,
				E2D68D9F1ABCF2E6004CE5A3 /* libopencv_ximgproc.3.0.0.dylib in Frameworks */,
				E2D68D501ABCF2E6004CE5A3 /* libopencv_ccalib.3.0.0.dylib in Frameworks */,
				E2D68D5D1ABCF2E6004CE5A3 /* libopencv_flann.3.0.0.dylib in Frameworks */,
				E2D68D771ABCF2E6004CE5A3 /* libopencv_reg.3.0.0.dylib in Frameworks */,
				E2D68D671ABCF2E6004CE5A3 /* libopencv_line_descriptor.3.0.0.dylib in Frameworks */,
				E2D68D901ABCF2E6004CE5A3 /* libopencv_tracking.3.0.0.dylib in Frameworks */,
				E2D68D511ABCF2E6004CE5A3 /* libopencv_ccalib.3.0.0.dylib in Frameworks */,
				E2D68D951ABCF2E6004CE5A3 /* libopencv_videoio.3.0.0.dylib in Frameworks */,
				E2D68D591ABCF2E6004CE5A3 /* libopencv_features2d.3.0.0.dylib in Frameworks */,
				E2D68D821ABCF2E6004CE5A3 /* libopencv_stitching.3.0.0.dylib in Frameworks */,
				E2D68DA31ABCF2E6004CE5A3 /* libopencv_xobjdetect.3.0.0.dylib in Frameworks */,
				E2D68D761ABCF2E6004CE5A3 /* libopencv_reg.3.0.0.dylib in Frameworks */,
				E2D68D581ABCF2E6004CE5A3 /* libopencv_features2d.3.0.0.dylib in Frameworks */,
				E2D68D7A1ABCF2E6004CE5A3 /* libopencv_rgbd.3.0.0.dylib in Frameworks */,
				E2D68D451ABCF2E6004CE5A3 /* libopencv_adas.3.0.0.dylib in Frameworks */,
				E2D68D4A1ABCF2E6004CE5A3 /* libopencv_bioinspired.3.0.0.dylib in Frameworks */,
				E2D68D911ABCF2E6004CE5A3 /* libopencv_ts.a in Frameworks */,
				E2D68D791ABCF2E6004CE5A3 /* libopencv_rgbd.3.0.0.dylib in Frameworks */,
				E2D68D651ABCF2E6004CE5A3 /* libopencv_latentsvm.3.0.0.dylib in Frameworks */,
				E2D68D441ABCF2E6004CE5A3 /* libopencv_adas.3.0.0.dylib in Frameworks */,
				E2D68D751ABCF2E6004CE5A3 /* libopencv_photo.3.0.0.dylib in Frameworks */,
				E2D68D4B1ABCF2E6004CE5A3 /* libopencv_bioinspired.3.0.0.dylib in Frameworks */,
				E2D68DA61ABCF2E6004CE5A3 /* libopencv_xphoto.3.0.0.dylib in Frameworks */,
				E2D68D471ABCF2E6004CE5A3 /* libopencv_bgsegm.3.0.0.dylib in Frameworks */,
			);
			runOnlyForDeploymentPostprocessing = 0;
		};
/* End PBXFrameworksBuildPhase section */

/* Begin PBXGroup section */
		E2D682501ABCEFA6004CE5A3 = {
			isa = PBXGroup;
			children = (
				E2D6825B1ABCEFA6004CE5A3 /* sfm */,
				E2D682671ABCF25F004CE5A3 /* FrameWork */,
			);
			sourceTree = "<group>";
		};
		E2D6825A1ABCEFA6004CE5A3 /* Products */ = {
			isa = PBXGroup;
			children = (
				E2D682591ABCEFA6004CE5A3 /* sfm */,
			);
			name = Products;
			sourceTree = "<group>";
		};
		E2D6825B1ABCEFA6004CE5A3 /* sfm */ = {
			isa = PBXGroup;
			children = (
				E2D682631ABCF05A004CE5A3 /* libopencv_core.3.0.0.dylib */,
				E2D6825C1ABCEFA6004CE5A3 /* main.cpp */,
				E2D68DA81ABD0AB9004CE5A3 /* ceres_optimization.h */,
				E2D682651ABCF18C004CE5A3 /* libopencv_highgui.3.0.0.dylib */,
			);
			path = sfm;
			sourceTree = "<group>";
		};
		E2D682671ABCF25F004CE5A3 /* FrameWork */ = {
			isa = PBXGroup;
			children = (
				E2D68CDF1ABCF2E5004CE5A3 /* libopencv_adas.3.0.0.dylib */,
				E2D68CE01ABCF2E5004CE5A3 /* libopencv_adas.3.0.0.dylib */,
				E2D68CE11ABCF2E5004CE5A3 /* libopencv_adas.3.0.0.dylib */,
				E2D68CE21ABCF2E5004CE5A3 /* libopencv_bgsegm.3.0.0.dylib */,
				E2D68CE31ABCF2E5004CE5A3 /* libopencv_bgsegm.3.0.0.dylib */,
				E2D68CE41ABCF2E5004CE5A3 /* libopencv_bgsegm.3.0.0.dylib */,
				E2D68CE51ABCF2E5004CE5A3 /* libopencv_bioinspired.3.0.0.dylib */,
				E2D68CE61ABCF2E5004CE5A3 /* libopencv_bioinspired.3.0.0.dylib */,
				E2D68CE71ABCF2E5004CE5A3 /* libopencv_bioinspired.3.0.0.dylib */,
				E2D68CE81ABCF2E5004CE5A3 /* libopencv_calib3d.3.0.0.dylib */,
				E2D68CE91ABCF2E5004CE5A3 /* libopencv_calib3d.3.0.0.dylib */,
				E2D68CEA1ABCF2E5004CE5A3 /* libopencv_calib3d.3.0.0.dylib */,
				E2D68CEB1ABCF2E5004CE5A3 /* libopencv_ccalib.3.0.0.dylib */,
				E2D68CEC1ABCF2E5004CE5A3 /* libopencv_ccalib.3.0.0.dylib */,
				E2D68CED1ABCF2E5004CE5A3 /* libopencv_ccalib.3.0.0.dylib */,
				E2D68CEE1ABCF2E5004CE5A3 /* libopencv_datasets.3.0.0.dylib */,
				E2D68CEF1ABCF2E5004CE5A3 /* libopencv_datasets.3.0.0.dylib */,
				E2D68CF01ABCF2E5004CE5A3 /* libopencv_datasets.3.0.0.dylib */,
				E2D68CF11ABCF2E5004CE5A3 /* libopencv_face.3.0.0.dylib */,
				E2D68CF21ABCF2E5004CE5A3 /* libopencv_face.3.0.0.dylib */,
				E2D68CF31ABCF2E5004CE5A3 /* libopencv_face.3.0.0.dylib */,
				E2D68CF41ABCF2E5004CE5A3 /* libopencv_features2d.3.0.0.dylib */,
				E2D68CF51ABCF2E5004CE5A3 /* libopencv_features2d.3.0.0.dylib */,
				E2D68CF61ABCF2E5004CE5A3 /* libopencv_features2d.3.0.0.dylib */,
				E2D68CF71ABCF2E5004CE5A3 /* libopencv_flann.3.0.0.dylib */,
				E2D68CF81ABCF2E5004CE5A3 /* libopencv_flann.3.0.0.dylib */,
				E2D68CF91ABCF2E5004CE5A3 /* libopencv_flann.3.0.0.dylib */,
				E2D68CFA1ABCF2E5004CE5A3 /* libopencv_imgcodecs.3.0.0.dylib */,
				E2D68CFB1ABCF2E5004CE5A3 /* libopencv_imgcodecs.3.0.0.dylib */,
				E2D68CFC1ABCF2E6004CE5A3 /* libopencv_imgcodecs.3.0.0.dylib */,
				E2D68CFD1ABCF2E6004CE5A3 /* libopencv_imgproc.3.0.0.dylib */,
				E2D68CFE1ABCF2E6004CE5A3 /* libopencv_imgproc.3.0.0.dylib */,
				E2D68CFF1ABCF2E6004CE5A3 /* libopencv_imgproc.3.0.0.dylib */,
				E2D68D001ABCF2E6004CE5A3 /* libopencv_latentsvm.3.0.0.dylib */,
				E2D68D011ABCF2E6004CE5A3 /* libopencv_latentsvm.3.0.0.dylib */,
				E2D68D021ABCF2E6004CE5A3 /* libopencv_latentsvm.3.0.0.dylib */,
				E2D68D031ABCF2E6004CE5A3 /* libopencv_line_descriptor.3.0.0.dylib */,
				E2D68D041ABCF2E6004CE5A3 /* libopencv_line_descriptor.3.0.0.dylib */,
				E2D68D051ABCF2E6004CE5A3 /* libopencv_line_descriptor.3.0.0.dylib */,
				E2D68D061ABCF2E6004CE5A3 /* libopencv_ml.3.0.0.dylib */,
				E2D68D071ABCF2E6004CE5A3 /* libopencv_ml.3.0.0.dylib */,
				E2D68D081ABCF2E6004CE5A3 /* libopencv_ml.3.0.0.dylib */,
				E2D68D091ABCF2E6004CE5A3 /* libopencv_objdetect.3.0.0.dylib */,
				E2D68D0A1ABCF2E6004CE5A3 /* libopencv_objdetect.3.0.0.dylib */,
				E2D68D0B1ABCF2E6004CE5A3 /* libopencv_objdetect.3.0.0.dylib */,
				E2D68D0C1ABCF2E6004CE5A3 /* libopencv_optflow.3.0.0.dylib */,
				E2D68D0D1ABCF2E6004CE5A3 /* libopencv_optflow.3.0.0.dylib */,
				E2D68D0E1ABCF2E6004CE5A3 /* libopencv_optflow.3.0.0.dylib */,
				E2D68D0F1ABCF2E6004CE5A3 /* libopencv_photo.3.0.0.dylib */,
				E2D68D101ABCF2E6004CE5A3 /* libopencv_photo.3.0.0.dylib */,
				E2D68D111ABCF2E6004CE5A3 /* libopencv_photo.3.0.0.dylib */,
				E2D68D121ABCF2E6004CE5A3 /* libopencv_reg.3.0.0.dylib */,
				E2D68D131ABCF2E6004CE5A3 /* libopencv_reg.3.0.0.dylib */,
				E2D68D141ABCF2E6004CE5A3 /* libopencv_reg.3.0.0.dylib */,
				E2D68D151ABCF2E6004CE5A3 /* libopencv_rgbd.3.0.0.dylib */,
				E2D68D161ABCF2E6004CE5A3 /* libopencv_rgbd.3.0.0.dylib */,
				E2D68D171ABCF2E6004CE5A3 /* libopencv_rgbd.3.0.0.dylib */,
				E2D68D181ABCF2E6004CE5A3 /* libopencv_saliency.3.0.0.dylib */,
				E2D68D191ABCF2E6004CE5A3 /* libopencv_saliency.3.0.0.dylib */,
				E2D68D1A1ABCF2E6004CE5A3 /* libopencv_saliency.3.0.0.dylib */,
				E2D68D1B1ABCF2E6004CE5A3 /* libopencv_shape.3.0.0.dylib */,
				E2D68D1C1ABCF2E6004CE5A3 /* libopencv_shape.3.0.0.dylib */,
				E2D68D1D1ABCF2E6004CE5A3 /* libopencv_shape.3.0.0.dylib */,
				E2D68D1E1ABCF2E6004CE5A3 /* libopencv_stitching.3.0.0.dylib */,
				E2D68D1F1ABCF2E6004CE5A3 /* libopencv_stitching.3.0.0.dylib */,
				E2D68D201ABCF2E6004CE5A3 /* libopencv_stitching.3.0.0.dylib */,
				E2D68D211ABCF2E6004CE5A3 /* libopencv_superres.3.0.0.dylib */,
				E2D68D221ABCF2E6004CE5A3 /* libopencv_superres.3.0.0.dylib */,
				E2D68D231ABCF2E6004CE5A3 /* libopencv_superres.3.0.0.dylib */,
				E2D68D241ABCF2E6004CE5A3 /* libopencv_surface_matching.3.0.0.dylib */,
				E2D68D251ABCF2E6004CE5A3 /* libopencv_surface_matching.3.0.0.dylib */,
				E2D68D261ABCF2E6004CE5A3 /* libopencv_surface_matching.3.0.0.dylib */,
				E2D68D271ABCF2E6004CE5A3 /* libopencv_text.3.0.0.dylib */,
				E2D68D281ABCF2E6004CE5A3 /* libopencv_text.3.0.0.dylib */,
				E2D68D291ABCF2E6004CE5A3 /* libopencv_text.3.0.0.dylib */,
				E2D68D2A1ABCF2E6004CE5A3 /* libopencv_tracking.3.0.0.dylib */,
				E2D68D2B1ABCF2E6004CE5A3 /* libopencv_tracking.3.0.0.dylib */,
				E2D68D2C1ABCF2E6004CE5A3 /* libopencv_tracking.3.0.0.dylib */,
				E2D68D2D1ABCF2E6004CE5A3 /* libopencv_ts.a */,
				E2D68D2E1ABCF2E6004CE5A3 /* libopencv_video.3.0.0.dylib */,
				E2D68D2F1ABCF2E6004CE5A3 /* libopencv_video.3.0.0.dylib */,
				E2D68D301ABCF2E6004CE5A3 /* libopencv_video.3.0.0.dylib */,
				E2D68D311ABCF2E6004CE5A3 /* libopencv_videoio.3.0.0.dylib */,
				E2D68D321ABCF2E6004CE5A3 /* libopencv_videoio.3.0.0.dylib */,
				E2D68D331ABCF2E6004CE5A3 /* libopencv_videoio.3.0.0.dylib */,
				E2D68D341ABCF2E6004CE5A3 /* libopencv_videostab.3.0.0.dylib */,
				E2D68D351ABCF2E6004CE5A3 /* libopencv_videostab.3.0.0.dylib */,
				E2D68D361ABCF2E6004CE5A3 /* libopencv_videostab.3.0.0.dylib */,
				E2D68D371ABCF2E6004CE5A3 /* libopencv_xfeatures2d.3.0.0.dylib */,
				E2D68D381ABCF2E6004CE5A3 /* libopencv_xfeatures2d.3.0.0.dylib */,
				E2D68D391ABCF2E6004CE5A3 /* libopencv_xfeatures2d.3.0.0.dylib */,
				E2D68D3A1ABCF2E6004CE5A3 /* libopencv_ximgproc.3.0.0.dylib */,
				E2D68D3B1ABCF2E6004CE5A3 /* libopencv_ximgproc.3.0.0.dylib */,
				E2D68D3C1ABCF2E6004CE5A3 /* libopencv_ximgproc.3.0.0.dylib */,
				E2D68D3D1ABCF2E6004CE5A3 /* libopencv_xobjdetect.3.0.0.dylib */,
				E2D68D3E1ABCF2E6004CE5A3 /* libopencv_xobjdetect.3.0.0.dylib */,
				E2D68D3F1ABCF2E6004CE5A3 /* libopencv_xobjdetect.3.0.0.dylib */,
				E2D68D401ABCF2E6004CE5A3 /* libopencv_xphoto.3.0.0.dylib */,
				E2D68D411ABCF2E6004CE5A3 /* libopencv_xphoto.3.0.0.dylib */,
				E2D68D421ABCF2E6004CE5A3 /* libopencv_xphoto.3.0.0.dylib */,
				E2D6825A1ABCEFA6004CE5A3 /* Products */,
			);
			name = FrameWork;
			sourceTree = "<group>";
		};
/* End PBXGroup section */

/* Begin PBXNativeTarget section */
		E2D682581ABCEFA6004CE5A3 /* sfm */ = {
			isa = PBXNativeTarget;
			buildConfigurationList = E2D682601ABCEFA6004CE5A3 /* Build configuration list for PBXNativeTarget "sfm" */;
			buildPhases = (
				E2D682551ABCEFA6004CE5A3 /* Sources */,
				E2D682561ABCEFA6004CE5A3 /* Frameworks */,
				E2D682571ABCEFA6004CE5A3 /* CopyFiles */,
			);
			buildRules = (
			);
			dependencies = (
			);
			name = sfm;
			productName = sfm;
			productReference = E2D682591ABCEFA6004CE5A3 /* sfm */;
			productType = "com.apple.product-type.tool";
		};
/* End PBXNativeTarget section */

/* Begin PBXProject section */
		E2D682511ABCEFA6004CE5A3 /* Project object */ = {
			isa = PBXProject;
			attributes = {
				LastUpgradeCheck = 0610;
				ORGANIZATIONNAME = CA;
				TargetAttributes = {
					E2D682581ABCEFA6004CE5A3 = {
						CreatedOnToolsVersion = 6.1.1;
					};
				};
			};
			buildConfigurationList = E2D682541ABCEFA6004CE5A3 /* Build configuration list for PBXProject "sfm" */;
			compatibilityVersion = "Xcode 3.2";
			developmentRegion = English;
			hasScannedForEncodings = 0;
			knownRegions = (
				en,
			);
			mainGroup = E2D682501ABCEFA6004CE5A3;
			productRefGroup = E2D6825A1ABCEFA6004CE5A3 /* Products */;
			projectDirPath = "";
			projectRoot = "";
			targets = (
				E2D682581ABCEFA6004CE5A3 /* sfm */,
			);
		};
/* End PBXProject section */

/* Begin PBXSourcesBuildPhase section */
		E2D682551ABCEFA6004CE5A3 /* Sources */ = {
			isa = PBXSourcesBuildPhase;
			buildActionMask = 2147483647;
			files = (
				E2D6825D1ABCEFA6004CE5A3 /* main.cpp in Sources */,
			);
			runOnlyForDeploymentPostprocessing = 0;
		};
/* End PBXSourcesBuildPhase section */

/* Begin XCBuildConfiguration section */
		E2D6825E1ABCEFA6004CE5A3 /* Debug */ = {
			isa = XCBuildConfiguration;
			buildSettings = {
				ALWAYS_SEARCH_USER_PATHS = NO;
				CLANG_CXX_LANGUAGE_STANDARD = "gnu++0x";
				CLANG_CXX_LIBRARY = "libc++";
				CLANG_ENABLE_MODULES = YES;
				CLANG_ENABLE_OBJC_ARC = YES;
				CLANG_WARN_BOOL_CONVERSION = YES;
				CLANG_WARN_CONSTANT_CONVERSION = YES;
				CLANG_WARN_DIRECT_OBJC_ISA_USAGE = YES_ERROR;
				CLANG_WARN_EMPTY_BODY = YES;
				CLANG_WARN_ENUM_CONVERSION = YES;
				CLANG_WARN_INT_CONVERSION = YES;
				CLANG_WARN_OBJC_ROOT_CLASS = YES_ERROR;
				CLANG_WARN_UNREACHABLE_CODE = YES;
				CLANG_WARN__DUPLICATE_METHOD_MATCH = YES;
				COPY_PHASE_STRIP = NO;
				ENABLE_STRICT_OBJC_MSGSEND = YES;
				GCC_C_LANGUAGE_STANDARD = gnu99;
				GCC_DYNAMIC_NO_PIC = NO;
				GCC_OPTIMIZATION_LEVEL = 0;
				GCC_PREPROCESSOR_DEFINITIONS = (
					"DEBUG=1",
					"$(inherited)",
				);
				GCC_SYMBOLS_PRIVATE_EXTERN = NO;
				GCC_WARN_64_TO_32_BIT_CONVERSION = YES;
				GCC_WARN_ABOUT_RETURN_TYPE = YES_ERROR;
				GCC_WARN_UNDECLARED_SELECTOR = YES;
				GCC_WARN_UNINITIALIZED_AUTOS = YES_AGGRESSIVE;
				GCC_WARN_UNUSED_FUNCTION = YES;
				GCC_WARN_UNUSED_VARIABLE = YES;
				MACOSX_DEPLOYMENT_TARGET = 10.10;
				MTL_ENABLE_DEBUG_INFO = YES;
				ONLY_ACTIVE_ARCH = YES;
				SDKROOT = macosx;
			};
			name = Debug;
		};
		E2D6825F1ABCEFA6004CE5A3 /* Release */ = {
			isa = XCBuildConfiguration;
			buildSettings = {
				ALWAYS_SEARCH_USER_PATHS = NO;
				CLANG_CXX_LANGUAGE_STANDARD = "gnu++0x";
				CLANG_CXX_LIBRARY = "libc++";
				CLANG_ENABLE_MODULES = YES;
				CLANG_ENABLE_OBJC_ARC = YES;
				CLANG_WARN_BOOL_CONVERSION = YES;
				CLANG_WARN_CONSTANT_CONVERSION = YES;
				CLANG_WARN_DIRECT_OBJC_ISA_USAGE = YES_ERROR;
				CLANG_WARN_EMPTY_BODY = YES;
				CLANG_WARN_ENUM_CONVERSION = YES;
				CLANG_WARN_INT_CONVERSION = YES;
				CLANG_WARN_OBJC_ROOT_CLASS = YES_ERROR;
				CLANG_WARN_UNREACHABLE_CODE = YES;
				CLANG_WARN__DUPLICATE_METHOD_MATCH = YES;
				COPY_PHASE_STRIP = YES;
				DEBUG_INFORMATION_FORMAT = "dwarf-with-dsym";
				ENABLE_NS_ASSERTIONS = NO;
				ENABLE_STRICT_OBJC_MSGSEND = YES;
				GCC_C_LANGUAGE_STANDARD = gnu99;
				GCC_WARN_64_TO_32_BIT_CONVERSION = YES;
				GCC_WARN_ABOUT_RETURN_TYPE = YES_ERROR;
				GCC_WARN_UNDECLARED_SELECTOR = YES;
				GCC_WARN_UNINITIALIZED_AUTOS = YES_AGGRESSIVE;
				GCC_WARN_UNUSED_FUNCTION = YES;
				GCC_WARN_UNUSED_VARIABLE = YES;
				MACOSX_DEPLOYMENT_TARGET = 10.10;
				MTL_ENABLE_DEBUG_INFO = NO;
				SDKROOT = macosx;
			};
			name = Release;
		};
		E2D682611ABCEFA6004CE5A3 /* Debug */ = {
			isa = XCBuildConfiguration;
			buildSettings = {
				FRAMEWORK_SEARCH_PATHS = (
					"$(inherited)",
					/usr/local/lib,
				);
				HEADER_SEARCH_PATHS = /usr/local/include/;
				LIBRARY_SEARCH_PATHS = (
					/usr/local/lib/,
					"/usr/local/lib/gcc/x86_64-apple-darwin13.3.0/4.9.1/i386",
					"/usr/local/lib/gcc/x86_64-apple-darwin13.3.0/4.9.1",
					/usr/local/lib/graphviz,
					/usr/local/lib/graphviz/tcl,
					"/usr/local/lib/python2.7/site-packages",
					"/usr/local/lib/python2.7/site-packages/PyQt4",
				);
				PRODUCT_NAME = "$(TARGET_NAME)";
			};
			name = Debug;
		};
		E2D682621ABCEFA6004CE5A3 /* Release */ = {
			isa = XCBuildConfiguration;
			buildSettings = {
				FRAMEWORK_SEARCH_PATHS = (
					"$(inherited)",
					/usr/local/lib,
				);
				HEADER_SEARCH_PATHS = /usr/local/include/;
				LIBRARY_SEARCH_PATHS = (
					/usr/local/lib/,
					"/usr/local/lib/gcc/x86_64-apple-darwin13.3.0/4.9.1/i386",
					"/usr/local/lib/gcc/x86_64-apple-darwin13.3.0/4.9.1",
					/usr/local/lib/graphviz,
					/usr/local/lib/graphviz/tcl,
					"/usr/local/lib/python2.7/site-packages",
					"/usr/local/lib/python2.7/site-packages/PyQt4",
				);
				PRODUCT_NAME = "$(TARGET_NAME)";
			};
			name = Release;
		};
/* End XCBuildConfiguration section */

/* Begin XCConfigurationList section */
		E2D682541ABCEFA6004CE5A3 /* Build configuration list for PBXProject "sfm" */ = {
			isa = XCConfigurationList;
			buildConfigurations = (
				E2D6825E1ABCEFA6004CE5A3 /* Debug */,
				E2D6825F1ABCEFA6004CE5A3 /* Release */,
			);
			defaultConfigurationIsVisible = 0;
			defaultConfigurationName = Release;
		};
		E2D682601ABCEFA6004CE5A3 /* Build configuration list for PBXNativeTarget "sfm" */ = {
			isa = XCConfigurationList;
			buildConfigurations = (
				E2D682611ABCEFA6004CE5A3 /* Debug */,
				E2D682621ABCEFA6004CE5A3 /* Release */,
			);
			defaultConfigurationIsVisible = 0;
		};
/* End XCConfigurationList section */
	};
	rootObject = E2D682511ABCEFA6004CE5A3 /* Project object */;
}
